
Microsoft Visual Studio Solution File, Format Version 12.00
# Visual Studio 15
VisualStudioVersion = 15.0.28307.421
MinimumVisualStudioVersion = 10.0.40219.1
Project("{FAE04EC0-301F-11D3-BF4B-00C04F79EFBC}") = "stopwatch", "stopwatch\stopwatch.csproj", "{EFC5050D-FB7B-4000-AEB3-5EA47A129ABA}"
EndProject
Global
	GlobalSection(SolutionConfigurationPlatforms) = preSolution
		Debug|Any CPU = Debug|Any CPU
		Release|Any CPU = Release|Any CPU
	EndGlobalSection
	GlobalSection(ProjectConfigurationPlatforms) = postSolution
		{EFC5050D-FB7B-4000-AEB3-5EA47A129ABA}.Debug|Any CPU.ActiveCfg = Debug|Any CPU
		{EFC5050D-FB7B-4000-AEB3-5EA47A129ABA}.Debug|Any CPU.Build.0 = Debug|Any CPU
		{EFC5050D-FB7B-4000-AEB3-5EA47A129ABA}.Release|Any CPU.ActiveCfg = Release|Any CPU
		{EFC5050D-FB7B-4000-AEB3-5EA47A129ABA}.Release|Any CPU.Build.0 = Release|Any CPU
	EndGlobalSection
	GlobalSection(SolutionProperties) = preSolution
		HideSolutionNode = FALSE
	EndGlobalSection
	GlobalSection(ExtensibilityGlobals) = postSolution
		SolutionGuid = {51EA6480-16A5-4569-988F-11E89FA6926F}
	EndGlobalSection
EndGlobal
